// !$*UTF8*$!
{
	archiveVersion = 1;
	classes = {
	};
	objectVersion = 48;
	objects = {

/* Begin PBXBuildFile section */
		500989112032F1C7006DF702 /* scheduleModel.m in Sources */ = {isa = PBXBuildFile; fileRef = 500989102032F1C7006DF702 /* scheduleModel.m */; };
		5015E06D20132BE30085A40B /* TypeApplianceTableViewController.m in Sources */ = {isa = PBXBuildFile; fileRef = 5015E06C20132BE30085A40B /* TypeApplianceTableViewController.m */; };
		5015E071201345BD0085A40B /* iconImage.png in Resources */ = {isa = PBXBuildFile; fileRef = 5015E070201345BD0085A40B /* iconImage.png */; };
		5015E074201357AA0085A40B /* scheduleDB.m in Sources */ = {isa = PBXBuildFile; fileRef = 5015E073201357AA0085A40B /* scheduleDB.m */; };
		50BBEAF82009EB2300C9B673 /* AppDelegate.m in Sources */ = {isa = PBXBuildFile; fileRef = 50BBEAF72009EB2300C9B673 /* AppDelegate.m */; };
		50BBEAFE2009EB2300C9B673 /* Main.storyboard in Resources */ = {isa = PBXBuildFile; fileRef = 50BBEAFC2009EB2300C9B673 /* Main.storyboard */; };
		50BBEB002009EB2300C9B673 /* Assets.xcassets in Resources */ = {isa = PBXBuildFile; fileRef = 50BBEAFF2009EB2300C9B673 /* Assets.xcassets */; };
		50BBEB032009EB2300C9B673 /* LaunchScreen.storyboard in Resources */ = {isa = PBXBuildFile; fileRef = 50BBEB012009EB2300C9B673 /* LaunchScreen.storyboard */; };
		50BBEB062009EB2300C9B673 /* main.m in Sources */ = {isa = PBXBuildFile; fileRef = 50BBEB052009EB2300C9B673 /* main.m */; };
		50BBEB102009F51600C9B673 /* ScheduleViewController.m in Sources */ = {isa = PBXBuildFile; fileRef = 50BBEB0F2009F51600C9B673 /* ScheduleViewController.m */; };
		50BBEB13200A14F700C9B673 /* addScheduleViewController.m in Sources */ = {isa = PBXBuildFile; fileRef = 50BBEB12200A14F700C9B673 /* addScheduleViewController.m */; };
		50BBEB17200B20EC00C9B673 /* customScheduleTableViewCell.m in Sources */ = {isa = PBXBuildFile; fileRef = 50BBEB15200B20EC00C9B673 /* customScheduleTableViewCell.m */; };
		50BBEB18200B20EC00C9B673 /* customScheduleTableViewCell.xib in Resources */ = {isa = PBXBuildFile; fileRef = 50BBEB16200B20EC00C9B673 /* customScheduleTableViewCell.xib */; };
/* End PBXBuildFile section */

/* Begin PBXFileReference section */
		5009890F2032F1C7006DF702 /* scheduleModel.h */ = {isa = PBXFileReference; lastKnownFileType = sourcecode.c.h; path = scheduleModel.h; sourceTree = "<group>"; };
		500989102032F1C7006DF702 /* scheduleModel.m */ = {isa = PBXFileReference; lastKnownFileType = sourcecode.c.objc; path = scheduleModel.m; sourceTree = "<group>"; };
		5015E06B20132BE30085A40B /* TypeApplianceTableViewController.h */ = {isa = PBXFileReference; lastKnownFileType = sourcecode.c.h; path = TypeApplianceTableViewController.h; sourceTree = "<group>"; };
		5015E06C20132BE30085A40B /* TypeApplianceTableViewController.m */ = {isa = PBXFileReference; lastKnownFileType = sourcecode.c.objc; path = TypeApplianceTableViewController.m; sourceTree = "<group>"; };
		5015E06F20132D7D0085A40B /* sendDataBackDelegate.h */ = {isa = PBXFileReference; lastKnownFileType = sourcecode.c.h; path = sendDataBackDelegate.h; sourceTree = "<group>"; };
		5015E070201345BD0085A40B /* iconImage.png */ = {isa = PBXFileReference; lastKnownFileType = image.png; path = iconImage.png; sourceTree = "<group>"; };
		5015E072201357A90085A40B /* scheduleDB.h */ = {isa = PBXFileReference; lastKnownFileType = sourcecode.c.h; path = scheduleDB.h; sourceTree = "<group>"; };
		5015E073201357AA0085A40B /* scheduleDB.m */ = {isa = PBXFileReference; lastKnownFileType = sourcecode.c.objc; path = scheduleDB.m; sourceTree = "<group>"; };
		50BBEAF32009EB2300C9B673 /* TimeSchedule.app */ = {isa = PBXFileReference; explicitFileType = wrapper.application; includeInIndex = 0; path = TimeSchedule.app; sourceTree = BUILT_PRODUCTS_DIR; };
		50BBEAF62009EB2300C9B673 /* AppDelegate.h */ = {isa = PBXFileReference; lastKnownFileType = sourcecode.c.h; path = AppDelegate.h; sourceTree = "<group>"; };
		50BBEAF72009EB2300C9B673 /* AppDelegate.m */ = {isa = PBXFileReference; lastKnownFileType = sourcecode.c.objc; path = AppDelegate.m; sourceTree = "<group>"; };
		50BBEAFD2009EB2300C9B673 /* Base */ = {isa = PBXFileReference; lastKnownFileType = file.storyboard; name = Base; path = Base.lproj/Main.storyboard; sourceTree = "<group>"; };
		50BBEAFF2009EB2300C9B673 /* Assets.xcassets */ = {isa = PBXFileReference; lastKnownFileType = folder.assetcatalog; path = Assets.xcassets; sourceTree = "<group>"; };
		50BBEB022009EB2300C9B673 /* Base */ = {isa = PBXFileReference; lastKnownFileType = file.storyboard; name = Base; path = Base.lproj/LaunchScreen.storyboard; sourceTree = "<group>"; };
		50BBEB042009EB2300C9B673 /* Info.plist */ = {isa = PBXFileReference; lastKnownFileType = text.plist.xml; path = Info.plist; sourceTree = "<group>"; };
		50BBEB052009EB2300C9B673 /* main.m */ = {isa = PBXFileReference; lastKnownFileType = sourcecode.c.objc; path = main.m; sourceTree = "<group>"; };
		50BBEB0D2009EB3800C9B673 /* libsqlite3.0.tbd */ = {isa = PBXFileReference; lastKnownFileType = "sourcecode.text-based-dylib-definition"; name = libsqlite3.0.tbd; path = usr/lib/libsqlite3.0.tbd; sourceTree = SDKROOT; };
		50BBEB0E2009F51600C9B673 /* ScheduleViewController.h */ = {isa = PBXFileReference; lastKnownFileType = sourcecode.c.h; path = ScheduleViewController.h; sourceTree = "<group>"; };
		50BBEB0F2009F51600C9B673 /* ScheduleViewController.m */ = {isa = PBXFileReference; lastKnownFileType = sourcecode.c.objc; path = ScheduleViewController.m; sourceTree = "<group>"; };
		50BBEB11200A14F700C9B673 /* addScheduleViewController.h */ = {isa = PBXFileReference; lastKnownFileType = sourcecode.c.h; path = addScheduleViewController.h; sourceTree = "<group>"; };
		50BBEB12200A14F700C9B673 /* addScheduleViewController.m */ = {isa = PBXFileReference; lastKnownFileType = sourcecode.c.objc; path = addScheduleViewController.m; sourceTree = "<group>"; };
		50BBEB14200B20EC00C9B673 /* customScheduleTableViewCell.h */ = {isa = PBXFileReference; lastKnownFileType = sourcecode.c.h; path = customScheduleTableViewCell.h; sourceTree = "<group>"; };
		50BBEB15200B20EC00C9B673 /* customScheduleTableViewCell.m */ = {isa = PBXFileReference; lastKnownFileType = sourcecode.c.objc; path = customScheduleTableViewCell.m; sourceTree = "<group>"; };
		50BBEB16200B20EC00C9B673 /* customScheduleTableViewCell.xib */ = {isa = PBXFileReference; lastKnownFileType = file.xib; path = customScheduleTableViewCell.xib; sourceTree = "<group>"; };
/* End PBXFileReference section */

/* Begin PBXFrameworksBuildPhase section */
		50BBEAF02009EB2300C9B673 /* Frameworks */ = {
			isa = PBXFrameworksBuildPhase;
			buildActionMask = 2147483647;
			files = (
			);
			runOnlyForDeploymentPostprocessing = 0;
		};
/* End PBXFrameworksBuildPhase section */

/* Begin PBXGroup section */
		50BBEAEA2009EB2300C9B673 = {
			isa = PBXGroup;
			children = (
				50BBEAF52009EB2300C9B673 /* TimeSchedule */,
				50BBEAF42009EB2300C9B673 /* Products */,
				50BBEB0C2009EB3800C9B673 /* Frameworks */,
			);
			sourceTree = "<group>";
		};
		50BBEAF42009EB2300C9B673 /* Products */ = {
			isa = PBXGroup;
			children = (
				50BBEAF32009EB2300C9B673 /* TimeSchedule.app */,
			);
			name = Products;
			sourceTree = "<group>";
		};
		50BBEAF52009EB2300C9B673 /* TimeSchedule */ = {
			isa = PBXGroup;
			children = (
				50BBEAF62009EB2300C9B673 /* AppDelegate.h */,
				50BBEAF72009EB2300C9B673 /* AppDelegate.m */,
				5009890F2032F1C7006DF702 /* scheduleModel.h */,
				500989102032F1C7006DF702 /* scheduleModel.m */,
				5015E06F20132D7D0085A40B /* sendDataBackDelegate.h */,
				5015E072201357A90085A40B /* scheduleDB.h */,
				5015E073201357AA0085A40B /* scheduleDB.m */,
				50BBEB0E2009F51600C9B673 /* ScheduleViewController.h */,
				50BBEB0F2009F51600C9B673 /* ScheduleViewController.m */,
				50BBEB14200B20EC00C9B673 /* customScheduleTableViewCell.h */,
				50BBEB15200B20EC00C9B673 /* customScheduleTableViewCell.m */,
				50BBEB16200B20EC00C9B673 /* customScheduleTableViewCell.xib */,
				50BBEB11200A14F700C9B673 /* addScheduleViewController.h */,
				50BBEB12200A14F700C9B673 /* addScheduleViewController.m */,
				5015E06B20132BE30085A40B /* TypeApplianceTableViewController.h */,
				5015E06C20132BE30085A40B /* TypeApplianceTableViewController.m */,
				50BBEAFC2009EB2300C9B673 /* Main.storyboard */,
				50BBEAFF2009EB2300C9B673 /* Assets.xcassets */,
				50BBEB012009EB2300C9B673 /* LaunchScreen.storyboard */,
				50BBEB042009EB2300C9B673 /* Info.plist */,
				50BBEB052009EB2300C9B673 /* main.m */,
				5015E070201345BD0085A40B /* iconImage.png */,
			);
			path = TimeSchedule;
			sourceTree = "<group>";
		};
		50BBEB0C2009EB3800C9B673 /* Frameworks */ = {
			isa = PBXGroup;
			children = (
				50BBEB0D2009EB3800C9B673 /* libsqlite3.0.tbd */,
			);
			name = Frameworks;
			sourceTree = "<group>";
		};
/* End PBXGroup section */

/* Begin PBXNativeTarget section */
		50BBEAF22009EB2300C9B673 /* TimeSchedule */ = {
			isa = PBXNativeTarget;
			buildConfigurationList = 50BBEB092009EB2300C9B673 /* Build configuration list for PBXNativeTarget "TimeSchedule" */;
			buildPhases = (
				50BBEAEF2009EB2300C9B673 /* Sources */,
				50BBEAF02009EB2300C9B673 /* Frameworks */,
				50BBEAF12009EB2300C9B673 /* Resources */,
			);
			buildRules = (
			);
			dependencies = (
			);
			name = TimeSchedule;
			productName = TimeSchedule;
			productReference = 50BBEAF32009EB2300C9B673 /* TimeSchedule.app */;
			productType = "com.apple.product-type.application";
		};
/* End PBXNativeTarget section */

/* Begin PBXProject section */
		50BBEAEB2009EB2300C9B673 /* Project object */ = {
			isa = PBXProject;
			attributes = {
				LastUpgradeCheck = 0910;
				ORGANIZATIONNAME = "Kamini Sharma";
				TargetAttributes = {
					50BBEAF22009EB2300C9B673 = {
						CreatedOnToolsVersion = 9.1;
						ProvisioningStyle = Automatic;
					};
				};
			};
			buildConfigurationList = 50BBEAEE2009EB2300C9B673 /* Build configuration list for PBXProject "TimeSchedule" */;
			compatibilityVersion = "Xcode 8.0";
			developmentRegion = en;
			hasScannedForEncodings = 0;
			knownRegions = (
				en,
				Base,
			);
			mainGroup = 50BBEAEA2009EB2300C9B673;
			productRefGroup = 50BBEAF42009EB2300C9B673 /* Products */;
			projectDirPath = "";
			projectRoot = "";
			targets = (
				50BBEAF22009EB2300C9B673 /* TimeSchedule */,
			);
		};
/* End PBXProject section */

/* Begin PBXResourcesBuildPhase section */
		50BBEAF12009EB2300C9B673 /* Resources */ = {
			isa = PBXResourcesBuildPhase;
			buildActionMask = 2147483647;
			files = (
				50BBEB032009EB2300C9B673 /* LaunchScreen.storyboard in Resources */,
				50BBEB002009EB2300C9B673 /* Assets.xcassets in Resources */,
				5015E071201345BD0085A40B /* iconImage.png in Resources */,
				50BBEAFE2009EB2300C9B673 /* Main.storyboard in Resources */,
				50BBEB18200B20EC00C9B673 /* customScheduleTableViewCell.xib in Resources */,
			);
			runOnlyForDeploymentPostprocessing = 0;
		};
/* End PBXResourcesBuildPhase section */

/* Begin PBXSourcesBuildPhase section */
		50BBEAEF2009EB2300C9B673 /* Sources */ = {
			isa = PBXSourcesBuildPhase;
			buildActionMask = 2147483647;
			files = (
				500989112032F1C7006DF702 /* scheduleModel.m in Sources */,
				50BBEB062009EB2300C9B673 /* main.m in Sources */,
				50BBEB102009F51600C9B673 /* ScheduleViewController.m in Sources */,
				50BBEB17200B20EC00C9B673 /* customScheduleTableViewCell.m in Sources */,
				5015E074201357AA0085A40B /* scheduleDB.m in Sources */,
				5015E06D20132BE30085A40B /* TypeApplianceTableViewController.m in Sources */,
				50BBEAF82009EB2300C9B673 /* AppDelegate.m in Sources */,
				50BBEB13200A14F700C9B673 /* addScheduleViewController.m in Sources */,
			);
			runOnlyForDeploymentPostprocessing = 0;
		};
/* End PBXSourcesBuildPhase section */

/* Begin PBXVariantGroup section */
		50BBEAFC2009EB2300C9B673 /* Main.storyboard */ = {
			isa = PBXVariantGroup;
			children = (
				50BBEAFD2009EB2300C9B673 /* Base */,
			);
			name = Main.storyboard;
			sourceTree = "<group>";
		};
		50BBEB012009EB2300C9B673 /* LaunchScreen.storyboard */ = {
			isa = PBXVariantGroup;
			children = (
				50BBEB022009EB2300C9B673 /* Base */,
			);
			name = LaunchScreen.storyboard;
			sourceTree = "<group>";
		};
/* End PBXVariantGroup section */

/* Begin XCBuildConfiguration section */
		50BBEB072009EB2300C9B673 /* Debug */ = {
			isa = XCBuildConfiguration;
			buildSettings = {
				ALWAYS_SEARCH_USER_PATHS = NO;
				CLANG_ANALYZER_NONNULL = YES;
				CLANG_ANALYZER_NUMBER_OBJECT_CONVERSION = YES_AGGRESSIVE;
				CLANG_CXX_LANGUAGE_STANDARD = "gnu++14";
				CLANG_CXX_LIBRARY = "libc++";
				CLANG_ENABLE_MODULES = YES;
				CLANG_ENABLE_OBJC_ARC = YES;
				CLANG_WARN_BLOCK_CAPTURE_AUTORELEASING = YES;
				CLANG_WARN_BOOL_CONVERSION = YES;
				CLANG_WARN_COMMA = YES;
				CLANG_WARN_CONSTANT_CONVERSION = YES;
				CLANG_WARN_DIRECT_OBJC_ISA_USAGE = YES_ERROR;
				CLANG_WARN_DOCUMENTATION_COMMENTS = YES;
				CLANG_WARN_EMPTY_BODY = YES;
				CLANG_WARN_ENUM_CONVERSION = YES;
				CLANG_WARN_INFINITE_RECURSION = YES;
				CLANG_WARN_INT_CONVERSION = YES;
				CLANG_WARN_NON_LITERAL_NULL_CONVERSION = YES;
				CLANG_WARN_OBJC_LITERAL_CONVERSION = YES;
				CLANG_WARN_OBJC_ROOT_CLASS = YES_ERROR;
				CLANG_WARN_RANGE_LOOP_ANALYSIS = YES;
				CLANG_WARN_STRICT_PROTOTYPES = YES;
				CLANG_WARN_SUSPICIOUS_MOVE = YES;
				CLANG_WARN_UNGUARDED_AVAILABILITY = YES_AGGRESSIVE;
				CLANG_WARN_UNREACHABLE_CODE = YES;
				CLANG_WARN__DUPLICATE_METHOD_MATCH = YES;
				CODE_SIGN_IDENTITY = "iPhone Developer";
				COPY_PHASE_STRIP = NO;
				DEBUG_INFORMATION_FORMAT = dwarf;
				ENABLE_STRICT_OBJC_MSGSEND = YES;
				ENABLE_TESTABILITY = YES;
				GCC_C_LANGUAGE_STANDARD = gnu11;
				GCC_DYNAMIC_NO_PIC = NO;
				GCC_NO_COMMON_BLOCKS = YES;
				GCC_OPTIMIZATION_LEVEL = 0;
				GCC_PREPROCESSOR_DEFINITIONS = (
					"DEBUG=1",
					"$(inherited)",
				);
				GCC_WARN_64_TO_32_BIT_CONVERSION = YES;
				GCC_WARN_ABOUT_RETURN_TYPE = YES_ERROR;
				GCC_WARN_UNDECLARED_SELECTOR = YES;
				GCC_WARN_UNINITIALIZED_AUTOS = YES_AGGRESSIVE;
				GCC_WARN_UNUSED_FUNCTION = YES;
				GCC_WARN_UNUSED_VARIABLE = YES;
				IPHONEOS_DEPLOYMENT_TARGET = 11.1;
				MTL_ENABLE_DEBUG_INFO = YES;
				ONLY_ACTIVE_ARCH = YES;
				SDKROOT = iphoneos;
			};
			name = Debug;
		};
		50BBEB082009EB2300C9B673 /* Release */ = {
			isa = XCBuildConfiguration;
			buildSettings = {
				ALWAYS_SEARCH_USER_PATHS = NO;
				CLANG_ANALYZER_NONNULL = YES;
				CLANG_ANALYZER_NUMBER_OBJECT_CONVERSION = YES_AGGRESSIVE;
				CLANG_CXX_LANGUAGE_STANDARD = "gnu++14";
				CLANG_CXX_LIBRARY = "libc++";
				CLANG_ENABLE_MODULES = YES;
				CLANG_ENABLE_OBJC_ARC = YES;
				CLANG_WARN_BLOCK_CAPTURE_AUTORELEASING = YES;
				CLANG_WARN_BOOL_CONVERSION = YES;
				CLANG_WARN_COMMA = YES;
				CLANG_WARN_CONSTANT_CONVERSION = YES;
				CLANG_WARN_DIRECT_OBJC_ISA_USAGE = YES_ERROR;
				CLANG_WARN_DOCUMENTATION_COMMENTS = YES;
				CLANG_WARN_EMPTY_BODY = YES;
				CLANG_WARN_ENUM_CONVERSION = YES;
				CLANG_WARN_INFINITE_RECURSION = YES;
				CLANG_WARN_INT_CONVERSION = YES;
				CLANG_WARN_NON_LITERAL_NULL_CONVERSION = YES;
				CLANG_WARN_OBJC_LITERAL_CONVERSION = YES;
				CLANG_WARN_OBJC_ROOT_CLASS = YES_ERROR;
				CLANG_WARN_RANGE_LOOP_ANALYSIS = YES;
				CLANG_WARN_STRICT_PROTOTYPES = YES;
				CLANG_WARN_SUSPICIOUS_MOVE = YES;
				CLANG_WARN_UNGUARDED_AVAILABILITY = YES_AGGRESSIVE;
				CLANG_WARN_UNREACHABLE_CODE = YES;
				CLANG_WARN__DUPLICATE_METHOD_MATCH = YES;
				CODE_SIGN_IDENTITY = "iPhone Developer";
				COPY_PHASE_STRIP = NO;
				DEBUG_INFORMATION_FORMAT = "dwarf-with-dsym";
				ENABLE_NS_ASSERTIONS = NO;
				ENABLE_STRICT_OBJC_MSGSEND = YES;
				GCC_C_LANGUAGE_STANDARD = gnu11;
				GCC_NO_COMMON_BLOCKS = YES;
				GCC_WARN_64_TO_32_BIT_CONVERSION = YES;
				GCC_WARN_ABOUT_RETURN_TYPE = YES_ERROR;
				GCC_WARN_UNDECLARED_SELECTOR = YES;
				GCC_WARN_UNINITIALIZED_AUTOS = YES_AGGRESSIVE;
				GCC_WARN_UNUSED_FUNCTION = YES;
				GCC_WARN_UNUSED_VARIABLE = YES;
				IPHONEOS_DEPLOYMENT_TARGET = 11.1;
				MTL_ENABLE_DEBUG_INFO = NO;
				SDKROOT = iphoneos;
				VALIDATE_PRODUCT = YES;
			};
			name = Release;
		};
		50BBEB0A2009EB2300C9B673 /* Debug */ = {
			isa = XCBuildConfiguration;
			buildSettings = {
				ASSETCATALOG_COMPILER_APPICON_NAME = AppIcon;
				CODE_SIGN_STYLE = Automatic;
				INFOPLIST_FILE = TimeSchedule/Info.plist;
				LD_RUNPATH_SEARCH_PATHS = "$(inherited) @executable_path/Frameworks";
				PRODUCT_BUNDLE_IDENTIFIER = "Kamini-Sharma.TimeSchedule";
				PRODUCT_NAME = "$(TARGET_NAME)";
				TARGETED_DEVICE_FAMILY = "1,2";
			};
			name = Debug;
		};
		50BBEB0B2009EB2300C9B673 /* Release */ = {
			isa = XCBuildConfiguration;
			buildSettings = {
				ASSETCATALOG_COMPILER_APPICON_NAME = AppIcon;
				CODE_SIGN_STYLE = Automatic;
				INFOPLIST_FILE = TimeSchedule/Info.plist;
				LD_RUNPATH_SEARCH_PATHS = "$(inherited) @executable_path/Frameworks";
				PRODUCT_BUNDLE_IDENTIFIER = "Kamini-Sharma.TimeSchedule";
				PRODUCT_NAME = "$(TARGET_NAME)";
				TARGETED_DEVICE_FAMILY = "1,2";
			};
			name = Release;
		};
/* End XCBuildConfiguration section */

/* Begin XCConfigurationList section */
		50BBEAEE2009EB2300C9B673 /* Build configuration list for PBXProject "TimeSchedule" */ = {
			isa = XCConfigurationList;
			buildConfigurations = (
				50BBEB072009EB2300C9B673 /* Debug */,
				50BBEB082009EB2300C9B673 /* Release */,
			);
			defaultConfigurationIsVisible = 0;
			defaultConfigurationName = Release;
		};
		50BBEB092009EB2300C9B673 /* Build configuration list for PBXNativeTarget "TimeSchedule" */ = {
			isa = XCConfigurationList;
			buildConfigurations = (
				50BBEB0A2009EB2300C9B673 /* Debug */,
				50BBEB0B2009EB2300C9B673 /* Release */,
			);
			defaultConfigurationIsVisible = 0;
			defaultConfigurationName = Release;
		};
/* End XCConfigurationList section */
	};
	rootObject = 50BBEAEB2009EB2300C9B673 /* Project object */;
}
